// !$*UTF8*$!
{
	archiveVersion = 1;
	classes = {
	};
	objectVersion = 46;
	objects = {

/* Begin PBXBuildFile section */
		6EEAE7211D71705500593F5F /* main.m in Sources */ = {isa = PBXBuildFile; fileRef = 6EEAE7201D71705500593F5F /* main.m */; };
		6EEAE7241D71705500593F5F /* AppDelegate.m in Sources */ = {isa = PBXBuildFile; fileRef = 6EEAE7231D71705500593F5F /* AppDelegate.m */; };
		6EEAE7271D71705500593F5F /* ViewController.m in Sources */ = {isa = PBXBuildFile; fileRef = 6EEAE7261D71705500593F5F /* ViewController.m */; };
		6EEAE72A1D71705500593F5F /* Main.storyboard in Resources */ = {isa = PBXBuildFile; fileRef = 6EEAE7281D71705500593F5F /* Main.storyboard */; };
		6EEAE72C1D71705500593F5F /* Assets.xcassets in Resources */ = {isa = PBXBuildFile; fileRef = 6EEAE72B1D71705500593F5F /* Assets.xcassets */; };
		6EEAE72F1D71705500593F5F /* LaunchScreen.storyboard in Resources */ = {isa = PBXBuildFile; fileRef = 6EEAE72D1D71705500593F5F /* LaunchScreen.storyboard */; };
		E991FC9EA2B4EC805400E5F1 /* libPods-JSPatch.a in Frameworks */ = {isa = PBXBuildFile; fileRef = 3C1BE64D2BCFEF7E20844A7D /* libPods-JSPatch.a */; };
/* End PBXBuildFile section */

/* Begin PBXFileReference section */
		3C1BE64D2BCFEF7E20844A7D /* libPods-JSPatch.a */ = {isa = PBXFileReference; explicitFileType = archive.ar; includeInIndex = 0; path = "libPods-JSPatch.a"; sourceTree = BUILT_PRODUCTS_DIR; };
		6EEAE71C1D71705500593F5F /* JSPatch.app */ = {isa = PBXFileReference; explicitFileType = wrapper.application; includeInIndex = 0; path = JSPatch.app; sourceTree = BUILT_PRODUCTS_DIR; };
		6EEAE7201D71705500593F5F /* main.m */ = {isa = PBXFileReference; lastKnownFileType = sourcecode.c.objc; path = main.m; sourceTree = "<group>"; };
		6EEAE7221D71705500593F5F /* AppDelegate.h */ = {isa = PBXFileReference; lastKnownFileType = sourcecode.c.h; path = AppDelegate.h; sourceTree = "<group>"; };
		6EEAE7231D71705500593F5F /* AppDelegate.m */ = {isa = PBXFileReference; lastKnownFileType = sourcecode.c.objc; path = AppDelegate.m; sourceTree = "<group>"; };
		6EEAE7251D71705500593F5F /* ViewController.h */ = {isa = PBXFileReference; lastKnownFileType = sourcecode.c.h; path = ViewController.h; sourceTree = "<group>"; };
		6EEAE7261D71705500593F5F /* ViewController.m */ = {isa = PBXFileReference; lastKnownFileType = sourcecode.c.objc; path = ViewController.m; sourceTree = "<group>"; };
		6EEAE7291D71705500593F5F /* Base */ = {isa = PBXFileReference; lastKnownFileType = file.storyboard; name = Base; path = Base.lproj/Main.storyboard; sourceTree = "<group>"; };
		6EEAE72B1D71705500593F5F /* Assets.xcassets */ = {isa = PBXFileReference; lastKnownFileType = folder.assetcatalog; path = Assets.xcassets; sourceTree = "<group>"; };
		6EEAE72E1D71705500593F5F /* Base */ = {isa = PBXFileReference; lastKnownFileType = file.storyboard; name = Base; path = Base.lproj/LaunchScreen.storyboard; sourceTree = "<group>"; };
		6EEAE7301D71705500593F5F /* Info.plist */ = {isa = PBXFileReference; lastKnownFileType = text.plist.xml; path = Info.plist; sourceTree = "<group>"; };
		6EEAE7361D7174D600593F5F /* JsoatchPrefix.pch */ = {isa = PBXFileReference; fileEncoding = 4; lastKnownFileType = sourcecode.c.h; path = JsoatchPrefix.pch; sourceTree = "<group>"; };
		B3B305624673F847E6D87E0A /* Pods-JSPatch.debug.xcconfig */ = {isa = PBXFileReference; includeInIndex = 1; lastKnownFileType = text.xcconfig; name = "Pods-JSPatch.debug.xcconfig"; path = "Pods/Target Support Files/Pods-JSPatch/Pods-JSPatch.debug.xcconfig"; sourceTree = "<group>"; };
		E2876E0ED44EC23370D6D42F /* Pods-JSPatch.release.xcconfig */ = {isa = PBXFileReference; includeInIndex = 1; lastKnownFileType = text.xcconfig; name = "Pods-JSPatch.release.xcconfig"; path = "Pods/Target Support Files/Pods-JSPatch/Pods-JSPatch.release.xcconfig"; sourceTree = "<group>"; };
/* End PBXFileReference section */

/* Begin PBXFrameworksBuildPhase section */
		6EEAE7191D71705500593F5F /* Frameworks */ = {
			isa = PBXFrameworksBuildPhase;
			buildActionMask = 2147483647;
			files = (
				E991FC9EA2B4EC805400E5F1 /* libPods-JSPatch.a in Frameworks */,
			);
			runOnlyForDeploymentPostprocessing = 0;
		};
/* End PBXFrameworksBuildPhase section */

/* Begin PBXGroup section */
		2C66F22668118D6F1AE2A807 /* Pods */ = {
			isa = PBXGroup;
			children = (
				B3B305624673F847E6D87E0A /* Pods-JSPatch.debug.xcconfig */,
				E2876E0ED44EC23370D6D42F /* Pods-JSPatch.release.xcconfig */,
			);
			name = Pods;
			sourceTree = "<group>";
		};
		6EEAE7131D71705500593F5F = {
			isa = PBXGroup;
			children = (
				6EEAE71E1D71705500593F5F /* JSPatch */,
				6EEAE71D1D71705500593F5F /* Products */,
				2C66F22668118D6F1AE2A807 /* Pods */,
				95F6E9E746634E9CAE5E075F /* Frameworks */,
			);
			sourceTree = "<group>";
		};
		6EEAE71D1D71705500593F5F /* Products */ = {
			isa = PBXGroup;
			children = (
				6EEAE71C1D71705500593F5F /* JSPatch.app */,
			);
			name = Products;
			sourceTree = "<group>";
		};
		6EEAE71E1D71705500593F5F /* JSPatch */ = {
			isa = PBXGroup;
			children = (
				6EEAE7221D71705500593F5F /* AppDelegate.h */,
				6EEAE7231D71705500593F5F /* AppDelegate.m */,
				6EEAE7251D71705500593F5F /* ViewController.h */,
				6EEAE7261D71705500593F5F /* ViewController.m */,
				6EEAE7281D71705500593F5F /* Main.storyboard */,
				6EEAE72B1D71705500593F5F /* Assets.xcassets */,
				6EEAE72D1D71705500593F5F /* LaunchScreen.storyboard */,
				6EEAE7301D71705500593F5F /* Info.plist */,
				6EEAE71F1D71705500593F5F /* Supporting Files */,
			);
			path = JSPatch;
			sourceTree = "<group>";
		};
		6EEAE71F1D71705500593F5F /* Supporting Files */ = {
			isa = PBXGroup;
			children = (
				6EEAE7201D71705500593F5F /* main.m */,
				6EEAE7361D7174D600593F5F /* JsoatchPrefix.pch */,
			);
			name = "Supporting Files";
			sourceTree = "<group>";
		};
		95F6E9E746634E9CAE5E075F /* Frameworks */ = {
			isa = PBXGroup;
			children = (
				3C1BE64D2BCFEF7E20844A7D /* libPods-JSPatch.a */,
			);
			name = Frameworks;
			sourceTree = "<group>";
		};
/* End PBXGroup section */

/* Begin PBXNativeTarget section */
		6EEAE71B1D71705500593F5F /* JSPatch */ = {
			isa = PBXNativeTarget;
			buildConfigurationList = 6EEAE7331D71705500593F5F /* Build configuration list for PBXNativeTarget "JSPatch" */;
			buildPhases = (
				3583E1E87D0E887CBB613617 /* [CP] Check Pods Manifest.lock */,
				6EEAE7181D71705500593F5F /* Sources */,
				6EEAE7191D71705500593F5F /* Frameworks */,
				6EEAE71A1D71705500593F5F /* Resources */,
				41980CA99EE4B567B7400579 /* [CP] Embed Pods Frameworks */,
				4EE1B1CA5F137487773CCE13 /* [CP] Copy Pods Resources */,
			);
			buildRules = (
			);
			dependencies = (
			);
			name = JSPatch;
			productName = JSPatch;
			productReference = 6EEAE71C1D71705500593F5F /* JSPatch.app */;
			productType = "com.apple.product-type.application";
		};
/* End PBXNativeTarget section */

/* Begin PBXProject section */
		6EEAE7141D71705500593F5F /* Project object */ = {
			isa = PBXProject;
			attributes = {
				LastUpgradeCheck = 0720;
				ORGANIZATIONNAME = yangbigbig;
				TargetAttributes = {
					6EEAE71B1D71705500593F5F = {
						CreatedOnToolsVersion = 7.2;
					};
				};
			};
			buildConfigurationList = 6EEAE7171D71705500593F5F /* Build configuration list for PBXProject "JSPatch" */;
			compatibilityVersion = "Xcode 3.2";
			developmentRegion = English;
			hasScannedForEncodings = 0;
			knownRegions = (
				en,
				Base,
			);
			mainGroup = 6EEAE7131D71705500593F5F;
			productRefGroup = 6EEAE71D1D71705500593F5F /* Products */;
			projectDirPath = "";
			projectRoot = "";
			targets = (
				6EEAE71B1D71705500593F5F /* JSPatch */,
			);
		};
/* End PBXProject section */

/* Begin PBXResourcesBuildPhase section */
		6EEAE71A1D71705500593F5F /* Resources */ = {
			isa = PBXResourcesBuildPhase;
			buildActionMask = 2147483647;
			files = (
				6EEAE72F1D71705500593F5F /* LaunchScreen.storyboard in Resources */,
				6EEAE72C1D71705500593F5F /* Assets.xcassets in Resources */,
				6EEAE72A1D71705500593F5F /* Main.storyboard in Resources */,
			);
			runOnlyForDeploymentPostprocessing = 0;
		};
/* End PBXResourcesBuildPhase section */

/* Begin PBXShellScriptBuildPhase section */
		3583E1E87D0E887CBB613617 /* [CP] Check Pods Manifest.lock */ = {
			isa = PBXShellScriptBuildPhase;
			buildActionMask = 2147483647;
			files = (
			);
			inputPaths = (
			);
			name = "[CP] Check Pods Manifest.lock";
			outputPaths = (
			);
			runOnlyForDeploymentPostprocessing = 0;
			shellPath = /bin/sh;
			shellScript = "diff \"${PODS_ROOT}/../Podfile.lock\" \"${PODS_ROOT}/Manifest.lock\" > /dev/null\nif [[ $? != 0 ]] ; then\n    cat << EOM\nerror: The sandbox is not in sync with the Podfile.lock. Run 'pod install' or update your CocoaPods installation.\nEOM\n    exit 1\nfi\n";
			showEnvVarsInLog = 0;
		};
		41980CA99EE4B567B7400579 /* [CP] Embed Pods Frameworks */ = {
			isa = PBXShellScriptBuildPhase;
			buildActionMask = 2147483647;
			files = (
			);
			inputPaths = (
			);
			name = "[CP] Embed Pods Frameworks";
			outputPaths = (
			);
			runOnlyForDeploymentPostprocessing = 0;
			shellPath = /bin/sh;
			shellScript = "\"${SRCROOT}/Pods/Target Support Files/Pods-JSPatch/Pods-JSPatch-frameworks.sh\"\n";
			showEnvVarsInLog = 0;
		};
		4EE1B1CA5F137487773CCE13 /* [CP] Copy Pods Resources */ = {
			isa = PBXShellScriptBuildPhase;
			buildActionMask = 2147483647;
			files = (
			);
			inputPaths = (
			);
			name = "[CP] Copy Pods Resources";
			outputPaths = (
			);
			runOnlyForDeploymentPostprocessing = 0;
			shellPath = /bin/sh;
			shellScript = "\"${SRCROOT}/Pods/Target Support Files/Pods-JSPatch/Pods-JSPatch-resources.sh\"\n";
			showEnvVarsInLog = 0;
		};
/* End PBXShellScriptBuildPhase section */

/* Begin PBXSourcesBuildPhase section */
		6EEAE7181D71705500593F5F /* Sources */ = {
			isa = PBXSourcesBuildPhase;
			buildActionMask = 2147483647;
			files = (
				6EEAE7271D71705500593F5F /* ViewController.m in Sources */,
				6EEAE7241D71705500593F5F /* AppDelegate.m in Sources */,
				6EEAE7211D71705500593F5F /* main.m in Sources */,
			);
			runOnlyForDeploymentPostprocessing = 0;
		};
/* End PBXSourcesBuildPhase section */

/* Begin PBXVariantGroup section */
		6EEAE7281D71705500593F5F /* Main.storyboard */ = {
			isa = PBXVariantGroup;
			children = (
				6EEAE7291D71705500593F5F /* Base */,
			);
			name = Main.storyboard;
			sourceTree = "<group>";
		};
		6EEAE72D1D71705500593F5F /* LaunchScreen.storyboard */ = {
			isa = PBXVariantGroup;
			children = (
				6EEAE72E1D71705500593F5F /* Base */,
			);
			name = LaunchScreen.storyboard;
			sourceTree = "<group>";
		};
/* End PBXVariantGroup section */

/* Begin XCBuildConfiguration section */
		6EEAE7311D71705500593F5F /* Debug */ = {
			isa = XCBuildConfiguration;
			buildSettings = {
				ALWAYS_SEARCH_USER_PATHS = NO;
				CLANG_CXX_LANGUAGE_STANDARD = "gnu++0x";
				CLANG_CXX_LIBRARY = "libc++";
				CLANG_ENABLE_MODULES = YES;
				CLANG_ENABLE_OBJC_ARC = YES;
				CLANG_WARN_BOOL_CONVERSION = YES;
				CLANG_WARN_CONSTANT_CONVERSION = YES;
				CLANG_WARN_DIRECT_OBJC_ISA_USAGE = YES_ERROR;
				CLANG_WARN_EMPTY_BODY = YES;
				CLANG_WARN_ENUM_CONVERSION = YES;
				CLANG_WARN_INT_CONVERSION = YES;
				CLANG_WARN_OBJC_ROOT_CLASS = YES_ERROR;
				CLANG_WARN_UNREACHABLE_CODE = YES;
				CLANG_WARN__DUPLICATE_METHOD_MATCH = YES;
				"CODE_SIGN_IDENTITY[sdk=iphoneos*]" = "iPhone Developer";
				COPY_PHASE_STRIP = NO;
				DEBUG_INFORMATION_FORMAT = dwarf;
				ENABLE_STRICT_OBJC_MSGSEND = YES;
				ENABLE_TESTABILITY = YES;
				GCC_C_LANGUAGE_STANDARD = gnu99;
				GCC_DYNAMIC_NO_PIC = NO;
				GCC_NO_COMMON_BLOCKS = YES;
				GCC_OPTIMIZATION_LEVEL = 0;
				GCC_PREPROCESSOR_DEFINITIONS = (
					"DEBUG=1",
					"$(inherited)",
				);
				GCC_WARN_64_TO_32_BIT_CONVERSION = YES;
				GCC_WARN_ABOUT_RETURN_TYPE = YES_ERROR;
				GCC_WARN_UNDECLARED_SELECTOR = YES;
				GCC_WARN_UNINITIALIZED_AUTOS = YES_AGGRESSIVE;
				GCC_WARN_UNUSED_FUNCTION = YES;
				GCC_WARN_UNUSED_VARIABLE = YES;
				IPHONEOS_DEPLOYMENT_TARGET = 9.2;
				MTL_ENABLE_DEBUG_INFO = YES;
				ONLY_ACTIVE_ARCH = YES;
				SDKROOT = iphoneos;
				TARGETED_DEVICE_FAMILY = "1,2";
			};
			name = Debug;
		};
		6EEAE7321D71705500593F5F /* Release */ = {
			isa = XCBuildConfiguration;
			buildSettings = {
				ALWAYS_SEARCH_USER_PATHS = NO;
				CLANG_CXX_LANGUAGE_STANDARD = "gnu++0x";
				CLANG_CXX_LIBRARY = "libc++";
				CLANG_ENABLE_MODULES = YES;
				CLANG_ENABLE_OBJC_ARC = YES;
				CLANG_WARN_BOOL_CONVERSION = YES;
				CLANG_WARN_CONSTANT_CONVERSION = YES;
				CLANG_WARN_DIRECT_OBJC_ISA_USAGE = YES_ERROR;
				CLANG_WARN_EMPTY_BODY = YES;
				CLANG_WARN_ENUM_CONVERSION = YES;
				CLANG_WARN_INT_CONVERSION = YES;
				CLANG_WARN_OBJC_ROOT_CLASS = YES_ERROR;
				CLANG_WARN_UNREACHABLE_CODE = YES;
				CLANG_WARN__DUPLICATE_METHOD_MATCH = YES;
				"CODE_SIGN_IDENTITY[sdk=iphoneos*]" = "iPhone Developer";
				COPY_PHASE_STRIP = NO;
				DEBUG_INFORMATION_FORMAT = "dwarf-with-dsym";
				ENABLE_NS_ASSERTIONS = NO;
				ENABLE_STRICT_OBJC_MSGSEND = YES;
				GCC_C_LANGUAGE_STANDARD = gnu99;
				GCC_NO_COMMON_BLOCKS = YES;
				GCC_WARN_64_TO_32_BIT_CONVERSION = YES;
				GCC_WARN_ABOUT_RETURN_TYPE = YES_ERROR;
				GCC_WARN_UNDECLARED_SELECTOR = YES;
				GCC_WARN_UNINITIALIZED_AUTOS = YES_AGGRESSIVE;
				GCC_WARN_UNUSED_FUNCTION = YES;
				GCC_WARN_UNUSED_VARIABLE = YES;
				IPHONEOS_DEPLOYMENT_TARGET = 9.2;
				MTL_ENABLE_DEBUG_INFO = NO;
				SDKROOT = iphoneos;
				TARGETED_DEVICE_FAMILY = "1,2";
				VALIDATE_PRODUCT = YES;
			};
			name = Release;
		};
		6EEAE7341D71705500593F5F /* Debug */ = {
			isa = XCBuildConfiguration;
			baseConfigurationReference = B3B305624673F847E6D87E0A /* Pods-JSPatch.debug.xcconfig */;
			buildSettings = {
				ASSETCATALOG_COMPILER_APPICON_NAME = AppIcon;
				GCC_PREFIX_HEADER = "$(SRCROOT)/JSPatch/JsoatchPrefix.pch";
				INFOPLIST_FILE = JSPatch/Info.plist;
				LD_RUNPATH_SEARCH_PATHS = "$(inherited) @executable_path/Frameworks";
				PRODUCT_BUNDLE_IDENTIFIER = yangbigbig.JSPatch;
				PRODUCT_NAME = "$(TARGET_NAME)";
				USER_HEADER_SEARCH_PATHS = "$(BUILT_PRODUCTS_DIR) $(PODS_ROOT)";
			};
			name = Debug;
		};
		6EEAE7351D71705500593F5F /* Release */ = {
			isa = XCBuildConfiguration;
			baseConfigurationReference = E2876E0ED44EC23370D6D42F /* Pods-JSPatch.release.xcconfig */;
			buildSettings = {
				ASSETCATALOG_COMPILER_APPICON_NAME = AppIcon;
				GCC_PREFIX_HEADER = "$(SRCROOT)/JSPatch/JsoatchPrefix.pch";
				INFOPLIST_FILE = JSPatch/Info.plist;
				LD_RUNPATH_SEARCH_PATHS = "$(inherited) @executable_path/Frameworks";
				PRODUCT_BUNDLE_IDENTIFIER = yangbigbig.JSPatch;
				PRODUCT_NAME = "$(TARGET_NAME)";
				USER_HEADER_SEARCH_PATHS = "$(BUILT_PRODUCTS_DIR) $(PODS_ROOT)";
			};
			name = Release;
		};
/* End XCBuildConfiguration section */

/* Begin XCConfigurationList section */
		6EEAE7171D71705500593F5F /* Build configuration list for PBXProject "JSPatch" */ = {
			isa = XCConfigurationList;
			buildConfigurations = (
				6EEAE7311D71705500593F5F /* Debug */,
				6EEAE7321D71705500593F5F /* Release */,
			);
			defaultConfigurationIsVisible = 0;
			defaultConfigurationName = Release;
		};
		6EEAE7331D71705500593F5F /* Build configuration list for PBXNativeTarget "JSPatch" */ = {
			isa = XCConfigurationList;
			buildConfigurations = (
				6EEAE7341D71705500593F5F /* Debug */,
				6EEAE7351D71705500593F5F /* Release */,
			);
			defaultConfigurationIsVisible = 0;
			defaultConfigurationName = Release;
		};
/* End XCConfigurationList section */
	};
	rootObject = 6EEAE7141D71705500593F5F /* Project object */;
}
